<Solution>
<<<<<<< HEAD
  <Project Path="../docker-compose.dcproj">
    <Build />
  </Project>
=======
>>>>>>> f426ce8e74d6068e915fdd2f297cfbde0b02ab0b
  <Project Path="TuneVault.API/TuneVault.API.csproj" />
  <Project Path="TuneVault.Application/TuneVault.Application.csproj" />
  <Project Path="TuneVault.Domain/TuneVault.Domain.csproj" />
  <Project Path="TuneVault.Infrastructure/TuneVault.Infrastructure.csproj" />
</Solution>
